
Microsoft Visual Studio Solution File, Format Version 12.00
# Visual Studio 15
VisualStudioVersion = 15.0.28307.489
MinimumVisualStudioVersion = 10.0.40219.1
Project("{FAE04EC0-301F-11D3-BF4B-00C04F79EFBC}") = "NSTEPS", "NSTEPS\NSTEPS.csproj", "{EABDB250-41E8-47DB-ABA2-CF0BAE493841}"
EndProject
Project("{FAE04EC0-301F-11D3-BF4B-00C04F79EFBC}") = "UnitTestProject1", "UnitTestProject1\UnitTestProject1.csproj", "{57A6A9DD-D4D4-47DF-A6B8-9016F0F47E92}"
EndProject
Global
	GlobalSection(SolutionConfigurationPlatforms) = preSolution
		Debug|Any CPU = Debug|Any CPU
		Release|Any CPU = Release|Any CPU
	EndGlobalSection
	GlobalSection(ProjectConfigurationPlatforms) = postSolution
		{EABDB250-41E8-47DB-ABA2-CF0BAE493841}.Debug|Any CPU.ActiveCfg = Debug|Any CPU
		{EABDB250-41E8-47DB-ABA2-CF0BAE493841}.Debug|Any CPU.Build.0 = Debug|Any CPU
		{EABDB250-41E8-47DB-ABA2-CF0BAE493841}.Release|Any CPU.ActiveCfg = Release|Any CPU
		{EABDB250-41E8-47DB-ABA2-CF0BAE493841}.Release|Any CPU.Build.0 = Release|Any CPU
		{57A6A9DD-D4D4-47DF-A6B8-9016F0F47E92}.Debug|Any CPU.ActiveCfg = Debug|Any CPU
		{57A6A9DD-D4D4-47DF-A6B8-9016F0F47E92}.Debug|Any CPU.Build.0 = Debug|Any CPU
		{57A6A9DD-D4D4-47DF-A6B8-9016F0F47E92}.Release|Any CPU.ActiveCfg = Release|Any CPU
		{57A6A9DD-D4D4-47DF-A6B8-9016F0F47E92}.Release|Any CPU.Build.0 = Release|Any CPU
	EndGlobalSection
	GlobalSection(SolutionProperties) = preSolution
		HideSolutionNode = FALSE
	EndGlobalSection
	GlobalSection(ExtensibilityGlobals) = postSolution
		SolutionGuid = {378A826E-3EA7-4E75-B9A0-850CCCC2D4D4}
	EndGlobalSection
EndGlobal
